
Microsoft Visual Studio Solution File, Format Version 12.00
# Visual Studio 15
VisualStudioVersion = 15.0.28307.852
MinimumVisualStudioVersion = 10.0.40219.1
Project("{FAE04EC0-301F-11D3-BF4B-00C04F79EFBC}") = "ABB_RWS_JSON_data_processing", "ABB_RWS_XML_data_processing\ABB_RWS_JSON_data_processing.csproj", "{AFD22160-1D04-4BF4-908F-D7B402A146C5}"
EndProject
Global
	GlobalSection(SolutionConfigurationPlatforms) = preSolution
		Debug|Any CPU = Debug|Any CPU
		Release|Any CPU = Release|Any CPU
	EndGlobalSection
	GlobalSection(ProjectConfigurationPlatforms) = postSolution
		{AFD22160-1D04-4BF4-908F-D7B402A146C5}.Debug|Any CPU.ActiveCfg = Debug|Any CPU
		{AFD22160-1D04-4BF4-908F-D7B402A146C5}.Debug|Any CPU.Build.0 = Debug|Any CPU
		{AFD22160-1D04-4BF4-908F-D7B402A146C5}.Release|Any CPU.ActiveCfg = Release|Any CPU
		{AFD22160-1D04-4BF4-908F-D7B402A146C5}.Release|Any CPU.Build.0 = Release|Any CPU
	EndGlobalSection
	GlobalSection(SolutionProperties) = preSolution
		HideSolutionNode = FALSE
	EndGlobalSection
	GlobalSection(ExtensibilityGlobals) = postSolution
		SolutionGuid = {1135B693-86EC-4495-867C-2E21156EB251}
	EndGlobalSection
EndGlobal
