
Microsoft Visual Studio Solution File, Format Version 12.00
# Visual Studio 15
VisualStudioVersion = 15.0.28307.852
MinimumVisualStudioVersion = 10.0.40219.1
Project("{FAE04EC0-301F-11D3-BF4B-00C04F79EFBC}") = "ABB_RWS_XML_data_processing", "ABB_RWS_XML_data_processing_sulution\ABB_RWS_XML_data_processing.csproj", "{543E29CF-F211-4312-95B8-C986B67D03FA}"
EndProject
Global
	GlobalSection(SolutionConfigurationPlatforms) = preSolution
		Debug|Any CPU = Debug|Any CPU
		Release|Any CPU = Release|Any CPU
	EndGlobalSection
	GlobalSection(ProjectConfigurationPlatforms) = postSolution
		{543E29CF-F211-4312-95B8-C986B67D03FA}.Debug|Any CPU.ActiveCfg = Debug|Any CPU
		{543E29CF-F211-4312-95B8-C986B67D03FA}.Debug|Any CPU.Build.0 = Debug|Any CPU
		{543E29CF-F211-4312-95B8-C986B67D03FA}.Release|Any CPU.ActiveCfg = Release|Any CPU
		{543E29CF-F211-4312-95B8-C986B67D03FA}.Release|Any CPU.Build.0 = Release|Any CPU
	EndGlobalSection
	GlobalSection(SolutionProperties) = preSolution
		HideSolutionNode = FALSE
	EndGlobalSection
	GlobalSection(ExtensibilityGlobals) = postSolution
		SolutionGuid = {C20AB1FD-1524-4876-B9DE-6002B2108423}
	EndGlobalSection
EndGlobal
